github.com/joho/godotenv v1.4.0 h1:3l4+N6zfMWnkbPEXKng2o2/MR5mSwTrBih4ZEkkz1lg=
github.com/joho/godotenv v1.4.0/go.mod h1:f4LDr5Voq0i2e/R5DDNOoa2zzDfwtkZa6DnEwAbqwq4=
github.com/shawntoffel/go-weatherkit v0.0.2 h1:nK1mLK+BqDQvQWoQxVbLVKAJ8PWf/nr6ASLNN4ag1g8=
github.com/shawntoffel/go-weatherkit v0.0.2/go.mod h1:cswTMWaATtVIyyK3ORWH/zmLR6yRYz9b8JxCFnOd2qA=
